
Microsoft Visual Studio Solution File, Format Version 12.00
# Visual Studio Version 17
VisualStudioVersion = 17.14.36414.22 d17.14
MinimumVisualStudioVersion = 10.0.40219.1
Project("{FAE04EC0-301F-11D3-BF4B-00C04F79EFBC}") = "ObjectOriented", "ObjectOriented.csproj", "{B2A1C633-DD16-4ACA-913D-1923395DE35A}"
EndProject
Global
	GlobalSection(SolutionConfigurationPlatforms) = preSolution
		Debug|Any CPU = Debug|Any CPU
		Release|Any CPU = Release|Any CPU
	EndGlobalSection
	GlobalSection(ProjectConfigurationPlatforms) = postSolution
		{B2A1C633-DD16-4ACA-913D-1923395DE35A}.Debug|Any CPU.ActiveCfg = Debug|Any CPU
		{B2A1C633-DD16-4ACA-913D-1923395DE35A}.Debug|Any CPU.Build.0 = Debug|Any CPU
		{B2A1C633-DD16-4ACA-913D-1923395DE35A}.Release|Any CPU.ActiveCfg = Release|Any CPU
		{B2A1C633-DD16-4ACA-913D-1923395DE35A}.Release|Any CPU.Build.0 = Release|Any CPU
	EndGlobalSection
	GlobalSection(SolutionProperties) = preSolution
		HideSolutionNode = FALSE
	EndGlobalSection
	GlobalSection(ExtensibilityGlobals) = postSolution
		SolutionGuid = {924670E3-24C8-4958-AB90-4EF2E1B4F645}
	EndGlobalSection
EndGlobal
